
Microsoft Visual Studio Solution File, Format Version 12.00
# Visual Studio Version 17
VisualStudioVersion = 17.0.32014.148
MinimumVisualStudioVersion = 10.0.40219.1
Project("{9A19103F-16F7-4668-BE54-9A1E7A4F7556}") = "Calculator.Microservices.Client.Web", "Calculator.Microservices.Client.Web\Calculator.Microservices.Client.Web.csproj", "{D82B47E0-3CC2-4055-846C-9EB10252722C}"
EndProject
Project("{9A19103F-16F7-4668-BE54-9A1E7A4F7556}") = "Calculator.Microservices.Client.Console", "Calculator.Microservices.Client.Console\Calculator.Microservices.Client.Console.csproj", "{5A23618F-9294-41D3-B5D1-F66B6F89FC70}"
EndProject
Project("{9A19103F-16F7-4668-BE54-9A1E7A4F7556}") = "Calculator.Microservices.Operations.Add", "Calculator.Microservices.Operations.Add\Calculator.Microservices.Operations.Add.csproj", "{F79385A7-5A77-43C7-A559-712C2CB83251}"
EndProject
Project("{9A19103F-16F7-4668-BE54-9A1E7A4F7556}") = "Calculator.Microservices.Operations.Subtract", "Calculator.Microservices.Operations.Subtract\Calculator.Microservices.Operations.Subtract.csproj", "{B255A2A3-8B95-466C-84BC-6326DB6C2268}"
EndProject
Project("{9A19103F-16F7-4668-BE54-9A1E7A4F7556}") = "Calculator.Microservices.Operations.Divide", "Calculator.Microservices.Operations.Divide\Calculator.Microservices.Operations.Divide.csproj", "{73A39E95-84FD-46B3-B5AF-A146A65E6233}"
EndProject
Project("{9A19103F-16F7-4668-BE54-9A1E7A4F7556}") = "Calculator.Microservices.Operations.Multiply", "Calculator.Microservices.Operations.Multiply\Calculator.Microservices.Operations.Multiply.csproj", "{0FBA1D89-AD0D-4861-929A-5E5B9EF6AF71}"
EndProject
Project("{9A19103F-16F7-4668-BE54-9A1E7A4F7556}") = "Calculator.Microservices.Shared.RabbitMQ", "Calculator.Microservices.Shared.RabbitMQ\Calculator.Microservices.Shared.RabbitMQ.csproj", "{C8FF4F5D-2344-41C1-BDDA-B6DE7A4F06B2}"
EndProject
Project("{9A19103F-16F7-4668-BE54-9A1E7A4F7556}") = "Calculator.Microservices.Shared.Kafka", "Calculator.Microservices.Shared.Kafka\Calculator.Microservices.Shared.Kafka.csproj", "{4886BB49-4572-4161-A165-65E960AB8B97}"
EndProject
Project("{9A19103F-16F7-4668-BE54-9A1E7A4F7556}") = "Calculator.Microservices.Shared.Library", "Calculator.Microservices.Shared.Library\Calculator.Microservices.Shared.Library.csproj", "{D3012052-1C8B-4C46-BAF1-2DD3EAAEC958}"
EndProject
Project("{9A19103F-16F7-4668-BE54-9A1E7A4F7556}") = "Calculator.Microservices.Shared.Extensions", "Calculator.Microservices.Shared.Extensions\Calculator.Microservices.Shared.Extensions.csproj", "{A31F7BFE-2A09-4613-BB8D-A0BDFAD19D8E}"
EndProject
Project("{9A19103F-16F7-4668-BE54-9A1E7A4F7556}") = "Calculator.Microservices.Shared.IntegrationEvents", "Calculator.Microservices.Shared.IntegrationEvents\Calculator.Microservices.Shared.IntegrationEvents.csproj", "{8323EABA-D483-4EB9-B2BD-216AEF7D6CD0}"
EndProject
Project("{9A19103F-16F7-4668-BE54-9A1E7A4F7556}") = "Calculator.Microservices.Client.Web.Health", "Calculator.Microservices.Client.Web.Health\Calculator.Microservices.Client.Web.Health.csproj", "{C5C329A1-548C-46C4-81FA-7254A56521B9}"
EndProject
Project("{9A19103F-16F7-4668-BE54-9A1E7A4F7556}") = "Calculator.Microservices.Operations.ReversePolishNotation", "Calculator.Microservices.Operations.ReversePolishNotation\Calculator.Microservices.Operations.ReversePolishNotation.csproj", "{B2F7357D-578C-45C0-AD90-B7DD64F32BFD}"
EndProject
Project("{9A19103F-16F7-4668-BE54-9A1E7A4F7556}") = "Calculator.Microservices.Operations.Sqrt", "Calculator.Microservices.Operations.Sqrt\Calculator.Microservices.Operations.Sqrt.csproj", "{59C987F3-6753-40BB-B500-E947E4B67845}"
EndProject
Project("{9A19103F-16F7-4668-BE54-9A1E7A4F7556}") = "Calculator.Microservices.Operations.Pow", "Calculator.Microservices.Operations.Pow\Calculator.Microservices.Operations.Pow.csproj", "{73C2A46C-2E99-46C8-AF00-D2F24EDC2D64}"
EndProject
Project("{9A19103F-16F7-4668-BE54-9A1E7A4F7556}") = "Calculator.Microservices.Client.Web.Blazor.Health", "Calculator.Microservices.Client.Web.Blazor.Health\Calculator.Microservices.Client.Web.Blazor.Health.csproj", "{66012DC2-E8E1-4BF8-95BC-9935272C37C1}"
EndProject
Project("{9A19103F-16F7-4668-BE54-9A1E7A4F7556}") = "Calculator.Microservices.Shared.Library.HealthCheck", "Calculator.Microservices.Shared.Library.HealthCheck\Calculator.Microservices.Shared.Library.HealthCheck.csproj", "{75C176E4-193B-46A6-91E4-DB33532692A1}"
EndProject
Project("{9A19103F-16F7-4668-BE54-9A1E7A4F7556}") = "Calculator.Microservices.Client.Web.Angular", "Calculator.Microservices.Client.Web.Angular\Calculator.Microservices.Client.Web.Angular.csproj", "{91BABC60-24FF-4822-A488-34388F252A73}"
EndProject
Project("{9A19103F-16F7-4668-BE54-9A1E7A4F7556}") = "Calculator.Microservices.Server.Grpc.Api", "Calculator.Microservices.Server.Grpc.Api\Calculator.Microservices.Server.Grpc.Api.csproj", "{8CA3044B-AE18-493B-87F5-A598D1E1AB5F}"
EndProject
Global
	GlobalSection(SolutionConfigurationPlatforms) = preSolution
		Debug|Any CPU = Debug|Any CPU
		Release|Any CPU = Release|Any CPU
	EndGlobalSection
	GlobalSection(ProjectConfigurationPlatforms) = postSolution
		{D82B47E0-3CC2-4055-846C-9EB10252722C}.Debug|Any CPU.ActiveCfg = Debug|Any CPU
		{D82B47E0-3CC2-4055-846C-9EB10252722C}.Debug|Any CPU.Build.0 = Debug|Any CPU
		{D82B47E0-3CC2-4055-846C-9EB10252722C}.Release|Any CPU.ActiveCfg = Release|Any CPU
		{D82B47E0-3CC2-4055-846C-9EB10252722C}.Release|Any CPU.Build.0 = Release|Any CPU
		{5A23618F-9294-41D3-B5D1-F66B6F89FC70}.Debug|Any CPU.ActiveCfg = Debug|Any CPU
		{5A23618F-9294-41D3-B5D1-F66B6F89FC70}.Debug|Any CPU.Build.0 = Debug|Any CPU
		{5A23618F-9294-41D3-B5D1-F66B6F89FC70}.Release|Any CPU.ActiveCfg = Release|Any CPU
		{5A23618F-9294-41D3-B5D1-F66B6F89FC70}.Release|Any CPU.Build.0 = Release|Any CPU
		{F79385A7-5A77-43C7-A559-712C2CB83251}.Debug|Any CPU.ActiveCfg = Debug|Any CPU
		{F79385A7-5A77-43C7-A559-712C2CB83251}.Debug|Any CPU.Build.0 = Debug|Any CPU
		{F79385A7-5A77-43C7-A559-712C2CB83251}.Release|Any CPU.ActiveCfg = Release|Any CPU
		{F79385A7-5A77-43C7-A559-712C2CB83251}.Release|Any CPU.Build.0 = Release|Any CPU
		{B255A2A3-8B95-466C-84BC-6326DB6C2268}.Debug|Any CPU.ActiveCfg = Debug|Any CPU
		{B255A2A3-8B95-466C-84BC-6326DB6C2268}.Debug|Any CPU.Build.0 = Debug|Any CPU
		{B255A2A3-8B95-466C-84BC-6326DB6C2268}.Release|Any CPU.ActiveCfg = Release|Any CPU
		{B255A2A3-8B95-466C-84BC-6326DB6C2268}.Release|Any CPU.Build.0 = Release|Any CPU
		{73A39E95-84FD-46B3-B5AF-A146A65E6233}.Debug|Any CPU.ActiveCfg = Debug|Any CPU
		{73A39E95-84FD-46B3-B5AF-A146A65E6233}.Debug|Any CPU.Build.0 = Debug|Any CPU
		{73A39E95-84FD-46B3-B5AF-A146A65E6233}.Release|Any CPU.ActiveCfg = Release|Any CPU
		{73A39E95-84FD-46B3-B5AF-A146A65E6233}.Release|Any CPU.Build.0 = Release|Any CPU
		{0FBA1D89-AD0D-4861-929A-5E5B9EF6AF71}.Debug|Any CPU.ActiveCfg = Debug|Any CPU
		{0FBA1D89-AD0D-4861-929A-5E5B9EF6AF71}.Debug|Any CPU.Build.0 = Debug|Any CPU
		{0FBA1D89-AD0D-4861-929A-5E5B9EF6AF71}.Release|Any CPU.ActiveCfg = Release|Any CPU
		{0FBA1D89-AD0D-4861-929A-5E5B9EF6AF71}.Release|Any CPU.Build.0 = Release|Any CPU
		{C8FF4F5D-2344-41C1-BDDA-B6DE7A4F06B2}.Debug|Any CPU.ActiveCfg = Debug|Any CPU
		{C8FF4F5D-2344-41C1-BDDA-B6DE7A4F06B2}.Debug|Any CPU.Build.0 = Debug|Any CPU
		{C8FF4F5D-2344-41C1-BDDA-B6DE7A4F06B2}.Release|Any CPU.ActiveCfg = Release|Any CPU
		{C8FF4F5D-2344-41C1-BDDA-B6DE7A4F06B2}.Release|Any CPU.Build.0 = Release|Any CPU
		{4886BB49-4572-4161-A165-65E960AB8B97}.Debug|Any CPU.ActiveCfg = Debug|Any CPU
		{4886BB49-4572-4161-A165-65E960AB8B97}.Debug|Any CPU.Build.0 = Debug|Any CPU
		{4886BB49-4572-4161-A165-65E960AB8B97}.Release|Any CPU.ActiveCfg = Release|Any CPU
		{4886BB49-4572-4161-A165-65E960AB8B97}.Release|Any CPU.Build.0 = Release|Any CPU
		{D3012052-1C8B-4C46-BAF1-2DD3EAAEC958}.Debug|Any CPU.ActiveCfg = Debug|Any CPU
		{D3012052-1C8B-4C46-BAF1-2DD3EAAEC958}.Debug|Any CPU.Build.0 = Debug|Any CPU
		{D3012052-1C8B-4C46-BAF1-2DD3EAAEC958}.Release|Any CPU.ActiveCfg = Release|Any CPU
		{D3012052-1C8B-4C46-BAF1-2DD3EAAEC958}.Release|Any CPU.Build.0 = Release|Any CPU
		{A31F7BFE-2A09-4613-BB8D-A0BDFAD19D8E}.Debug|Any CPU.ActiveCfg = Debug|Any CPU
		{A31F7BFE-2A09-4613-BB8D-A0BDFAD19D8E}.Debug|Any CPU.Build.0 = Debug|Any CPU
		{A31F7BFE-2A09-4613-BB8D-A0BDFAD19D8E}.Release|Any CPU.ActiveCfg = Release|Any CPU
		{A31F7BFE-2A09-4613-BB8D-A0BDFAD19D8E}.Release|Any CPU.Build.0 = Release|Any CPU
		{8323EABA-D483-4EB9-B2BD-216AEF7D6CD0}.Debug|Any CPU.ActiveCfg = Debug|Any CPU
		{8323EABA-D483-4EB9-B2BD-216AEF7D6CD0}.Debug|Any CPU.Build.0 = Debug|Any CPU
		{8323EABA-D483-4EB9-B2BD-216AEF7D6CD0}.Release|Any CPU.ActiveCfg = Release|Any CPU
		{8323EABA-D483-4EB9-B2BD-216AEF7D6CD0}.Release|Any CPU.Build.0 = Release|Any CPU
		{C5C329A1-548C-46C4-81FA-7254A56521B9}.Debug|Any CPU.ActiveCfg = Debug|Any CPU
		{C5C329A1-548C-46C4-81FA-7254A56521B9}.Debug|Any CPU.Build.0 = Debug|Any CPU
		{C5C329A1-548C-46C4-81FA-7254A56521B9}.Release|Any CPU.ActiveCfg = Release|Any CPU
		{C5C329A1-548C-46C4-81FA-7254A56521B9}.Release|Any CPU.Build.0 = Release|Any CPU
		{B2F7357D-578C-45C0-AD90-B7DD64F32BFD}.Debug|Any CPU.ActiveCfg = Debug|Any CPU
		{B2F7357D-578C-45C0-AD90-B7DD64F32BFD}.Debug|Any CPU.Build.0 = Debug|Any CPU
		{B2F7357D-578C-45C0-AD90-B7DD64F32BFD}.Release|Any CPU.ActiveCfg = Release|Any CPU
		{B2F7357D-578C-45C0-AD90-B7DD64F32BFD}.Release|Any CPU.Build.0 = Release|Any CPU
		{59C987F3-6753-40BB-B500-E947E4B67845}.Debug|Any CPU.ActiveCfg = Debug|Any CPU
		{59C987F3-6753-40BB-B500-E947E4B67845}.Debug|Any CPU.Build.0 = Debug|Any CPU
		{59C987F3-6753-40BB-B500-E947E4B67845}.Release|Any CPU.ActiveCfg = Release|Any CPU
		{59C987F3-6753-40BB-B500-E947E4B67845}.Release|Any CPU.Build.0 = Release|Any CPU
		{73C2A46C-2E99-46C8-AF00-D2F24EDC2D64}.Debug|Any CPU.ActiveCfg = Debug|Any CPU
		{73C2A46C-2E99-46C8-AF00-D2F24EDC2D64}.Debug|Any CPU.Build.0 = Debug|Any CPU
		{73C2A46C-2E99-46C8-AF00-D2F24EDC2D64}.Release|Any CPU.ActiveCfg = Release|Any CPU
		{73C2A46C-2E99-46C8-AF00-D2F24EDC2D64}.Release|Any CPU.Build.0 = Release|Any CPU
		{66012DC2-E8E1-4BF8-95BC-9935272C37C1}.Debug|Any CPU.ActiveCfg = Debug|Any CPU
		{66012DC2-E8E1-4BF8-95BC-9935272C37C1}.Debug|Any CPU.Build.0 = Debug|Any CPU
		{66012DC2-E8E1-4BF8-95BC-9935272C37C1}.Release|Any CPU.ActiveCfg = Release|Any CPU
		{66012DC2-E8E1-4BF8-95BC-9935272C37C1}.Release|Any CPU.Build.0 = Release|Any CPU
		{75C176E4-193B-46A6-91E4-DB33532692A1}.Debug|Any CPU.ActiveCfg = Debug|Any CPU
		{75C176E4-193B-46A6-91E4-DB33532692A1}.Debug|Any CPU.Build.0 = Debug|Any CPU
		{75C176E4-193B-46A6-91E4-DB33532692A1}.Release|Any CPU.ActiveCfg = Release|Any CPU
		{75C176E4-193B-46A6-91E4-DB33532692A1}.Release|Any CPU.Build.0 = Release|Any CPU
		{91BABC60-24FF-4822-A488-34388F252A73}.Debug|Any CPU.ActiveCfg = Debug|Any CPU
		{91BABC60-24FF-4822-A488-34388F252A73}.Debug|Any CPU.Build.0 = Debug|Any CPU
		{91BABC60-24FF-4822-A488-34388F252A73}.Release|Any CPU.ActiveCfg = Release|Any CPU
		{91BABC60-24FF-4822-A488-34388F252A73}.Release|Any CPU.Build.0 = Release|Any CPU
		{8CA3044B-AE18-493B-87F5-A598D1E1AB5F}.Debug|Any CPU.ActiveCfg = Debug|Any CPU
		{8CA3044B-AE18-493B-87F5-A598D1E1AB5F}.Debug|Any CPU.Build.0 = Debug|Any CPU
		{8CA3044B-AE18-493B-87F5-A598D1E1AB5F}.Release|Any CPU.ActiveCfg = Release|Any CPU
		{8CA3044B-AE18-493B-87F5-A598D1E1AB5F}.Release|Any CPU.Build.0 = Release|Any CPU
	EndGlobalSection
	GlobalSection(SolutionProperties) = preSolution
		HideSolutionNode = FALSE
	EndGlobalSection
	GlobalSection(ExtensibilityGlobals) = postSolution
		SolutionGuid = {C486ED7C-A158-41CD-BEAE-FF788CAD8D0B}
	EndGlobalSection
EndGlobal
